
Microsoft Visual Studio Solution File, Format Version 12.00
# Visual Studio 15
VisualStudioVersion = 15.0.27703.2042
MinimumVisualStudioVersion = 10.0.40219.1
Project("{9A19103F-16F7-4668-BE54-9A1E7A4F7556}") = "dk.lashout.LARPay.Web", "LARPay\dk.lashout.LARPay.Web.csproj", "{C66D7D80-4C7B-4AFD-BA38-95289E0FAD21}"
EndProject
Project("{9A19103F-16F7-4668-BE54-9A1E7A4F7556}") = "dk.lashout.LARPay.CustomerService", "dk.lashout.LARPay.Core\dk.lashout.LARPay.CustomerService.csproj", "{7E429092-A159-45BC-AFCD-E14BA44BF8BD}"
EndProject
Project("{9A19103F-16F7-4668-BE54-9A1E7A4F7556}") = "dk.lashout.LARPay.Archives", "dk.lashout.LARPay.Infrastructure\dk.lashout.LARPay.Archives.csproj", "{30A2212B-AFC0-4AF5-A0C3-4D0192F69AE9}"
EndProject
Project("{9A19103F-16F7-4668-BE54-9A1E7A4F7556}") = "dk.lashout.LARPay.Accounting", "dk.lashout.LARPay.Account\dk.lashout.LARPay.Accounting.csproj", "{980D91A1-8D51-438B-9E68-F5EECFEE440C}"
EndProject
Project("{9A19103F-16F7-4668-BE54-9A1E7A4F7556}") = "dk.lashout.LARPay.Clock", "dk.lashout.LARPay.Clock\dk.lashout.LARPay.Clock.csproj", "{1280F3E2-72C7-4B07-884B-DF1B72C6CAC1}"
EndProject
Project("{FAE04EC0-301F-11D3-BF4B-00C04F79EFBC}") = "dk.lashout.MaybeType", "dk.lashout.MaybeType\dk.lashout.MaybeType.csproj", "{1BF6AD7B-C7E2-4AC0-AED8-AE2EAD496977}"
EndProject
Global
	GlobalSection(SolutionConfigurationPlatforms) = preSolution
		Debug|Any CPU = Debug|Any CPU
		Release|Any CPU = Release|Any CPU
	EndGlobalSection
	GlobalSection(ProjectConfigurationPlatforms) = postSolution
		{C66D7D80-4C7B-4AFD-BA38-95289E0FAD21}.Debug|Any CPU.ActiveCfg = Debug|Any CPU
		{C66D7D80-4C7B-4AFD-BA38-95289E0FAD21}.Debug|Any CPU.Build.0 = Debug|Any CPU
		{C66D7D80-4C7B-4AFD-BA38-95289E0FAD21}.Release|Any CPU.ActiveCfg = Release|Any CPU
		{C66D7D80-4C7B-4AFD-BA38-95289E0FAD21}.Release|Any CPU.Build.0 = Release|Any CPU
		{7E429092-A159-45BC-AFCD-E14BA44BF8BD}.Debug|Any CPU.ActiveCfg = Debug|Any CPU
		{7E429092-A159-45BC-AFCD-E14BA44BF8BD}.Debug|Any CPU.Build.0 = Debug|Any CPU
		{7E429092-A159-45BC-AFCD-E14BA44BF8BD}.Release|Any CPU.ActiveCfg = Release|Any CPU
		{7E429092-A159-45BC-AFCD-E14BA44BF8BD}.Release|Any CPU.Build.0 = Release|Any CPU
		{30A2212B-AFC0-4AF5-A0C3-4D0192F69AE9}.Debug|Any CPU.ActiveCfg = Debug|Any CPU
		{30A2212B-AFC0-4AF5-A0C3-4D0192F69AE9}.Debug|Any CPU.Build.0 = Debug|Any CPU
		{30A2212B-AFC0-4AF5-A0C3-4D0192F69AE9}.Release|Any CPU.ActiveCfg = Release|Any CPU
		{30A2212B-AFC0-4AF5-A0C3-4D0192F69AE9}.Release|Any CPU.Build.0 = Release|Any CPU
		{980D91A1-8D51-438B-9E68-F5EECFEE440C}.Debug|Any CPU.ActiveCfg = Debug|Any CPU
		{980D91A1-8D51-438B-9E68-F5EECFEE440C}.Debug|Any CPU.Build.0 = Debug|Any CPU
		{980D91A1-8D51-438B-9E68-F5EECFEE440C}.Release|Any CPU.ActiveCfg = Release|Any CPU
		{980D91A1-8D51-438B-9E68-F5EECFEE440C}.Release|Any CPU.Build.0 = Release|Any CPU
		{1280F3E2-72C7-4B07-884B-DF1B72C6CAC1}.Debug|Any CPU.ActiveCfg = Debug|Any CPU
		{1280F3E2-72C7-4B07-884B-DF1B72C6CAC1}.Debug|Any CPU.Build.0 = Debug|Any CPU
		{1280F3E2-72C7-4B07-884B-DF1B72C6CAC1}.Release|Any CPU.ActiveCfg = Release|Any CPU
		{1280F3E2-72C7-4B07-884B-DF1B72C6CAC1}.Release|Any CPU.Build.0 = Release|Any CPU
		{1BF6AD7B-C7E2-4AC0-AED8-AE2EAD496977}.Debug|Any CPU.ActiveCfg = Debug|Any CPU
		{1BF6AD7B-C7E2-4AC0-AED8-AE2EAD496977}.Debug|Any CPU.Build.0 = Debug|Any CPU
		{1BF6AD7B-C7E2-4AC0-AED8-AE2EAD496977}.Release|Any CPU.ActiveCfg = Release|Any CPU
		{1BF6AD7B-C7E2-4AC0-AED8-AE2EAD496977}.Release|Any CPU.Build.0 = Release|Any CPU
	EndGlobalSection
	GlobalSection(SolutionProperties) = preSolution
		HideSolutionNode = FALSE
	EndGlobalSection
	GlobalSection(ExtensibilityGlobals) = postSolution
		SolutionGuid = {02815161-6E91-42E1-AAE3-AEDF49224CC3}
	EndGlobalSection
EndGlobal
