
Microsoft Visual Studio Solution File, Format Version 12.00
# Visual Studio 15
VisualStudioVersion = 15.0.27703.2042
MinimumVisualStudioVersion = 10.0.40219.1
Project("{2150E333-8FDC-42A3-9474-1A3956D46DE8}") = "Backoffice", "Backoffice", "{B094B473-61E5-4F76-9B4D-71C838A8299E}"
EndProject
Project("{9A19103F-16F7-4668-BE54-9A1E7A4F7556}") = "dk.lashout.LARPay.Bank", "dk.lashout.LARPay.Bank\dk.lashout.LARPay.Bank.csproj", "{DDC7002E-3B20-4326-9BAF-3F577FC19379}"
EndProject
Project("{9A19103F-16F7-4668-BE54-9A1E7A4F7556}") = "dk.lashout.LARPay.Web", "dk.lashout.LARPay.Web\dk.lashout.LARPay.Web.csproj", "{9AD4E5A9-936F-4A02-B0A5-0C1ABC304220}"
EndProject
Project("{9A19103F-16F7-4668-BE54-9A1E7A4F7556}") = "dk.lashout.LARPay.Customers", "Backoffice\dk.lashout.LARPay.Customers\dk.lashout.LARPay.Customers.csproj", "{3F6B13F9-628F-4985-98DE-C00D9D42C8F0}"
EndProject
Project("{9A19103F-16F7-4668-BE54-9A1E7A4F7556}") = "dk.lashout.Clock", "Backoffice\dk.lashout.Clock\dk.lashout.Clock.csproj", "{DC72FFF9-D1BB-4B93-9AF2-B4E0F07C13D5}"
EndProject
Project("{9A19103F-16F7-4668-BE54-9A1E7A4F7556}") = "dk.lashout.MaybeType", "Backoffice\dk.lashout.MaybeType\dk.lashout.MaybeType.csproj", "{80048187-7879-4E76-902E-92F8C83DFABB}"
EndProject
Project("{9A19103F-16F7-4668-BE54-9A1E7A4F7556}") = "dk.lashout.LARPay.Accounting", "Backoffice\dk.lashout.LARPay.Accounting\dk.lashout.LARPay.Accounting.csproj", "{70C1BA4E-ABE4-4EAB-B2E6-BE2BA41BA0E0}"
EndProject
Project("{2150E333-8FDC-42A3-9474-1A3956D46DE8}") = "Storage", "Storage", "{7911C9F2-C522-40CB-9010-9F280F97879C}"
EndProject
Project("{9A19103F-16F7-4668-BE54-9A1E7A4F7556}") = "dk.lashout.LARPay.Administration", "Backoffice\dk.lashout.LARPay.Administration\dk.lashout.LARPay.Administration.csproj", "{A9CF08DB-8C2E-4D4B-8207-BD97B130D004}"
EndProject
Project("{9A19103F-16F7-4668-BE54-9A1E7A4F7556}") = "dk.lashout.LARPay.CustomerArchive", "Storage\dk.lashout.LARPay.CustomerArchive\dk.lashout.LARPay.CustomerArchive.csproj", "{B80D2E12-9F2F-4601-91BF-5C5517EBD3E8}"
EndProject
Project("{9A19103F-16F7-4668-BE54-9A1E7A4F7556}") = "dk.lashout.LARPay.AccountArchive", "Storage\dk.lashout.LARPay.AccountArchive\dk.lashout.LARPay.AccountArchive.csproj", "{AA6217BF-930D-44BD-8014-3E26FA3C1BD2}"
EndProject
Project("{9A19103F-16F7-4668-BE54-9A1E7A4F7556}") = "dk.lashout.LARPay.EventArchive", "Storage\dk.lashout.LARPay.EventArchive\dk.lashout.LARPay.EventArchive.csproj", "{F4326C37-B9EB-4386-B368-30E691D9312A}"
EndProject
Global
	GlobalSection(SolutionConfigurationPlatforms) = preSolution
		Debug|Any CPU = Debug|Any CPU
		Release|Any CPU = Release|Any CPU
	EndGlobalSection
	GlobalSection(ProjectConfigurationPlatforms) = postSolution
		{DDC7002E-3B20-4326-9BAF-3F577FC19379}.Debug|Any CPU.ActiveCfg = Debug|Any CPU
		{DDC7002E-3B20-4326-9BAF-3F577FC19379}.Debug|Any CPU.Build.0 = Debug|Any CPU
		{DDC7002E-3B20-4326-9BAF-3F577FC19379}.Release|Any CPU.ActiveCfg = Release|Any CPU
		{DDC7002E-3B20-4326-9BAF-3F577FC19379}.Release|Any CPU.Build.0 = Release|Any CPU
		{9AD4E5A9-936F-4A02-B0A5-0C1ABC304220}.Debug|Any CPU.ActiveCfg = Debug|Any CPU
		{9AD4E5A9-936F-4A02-B0A5-0C1ABC304220}.Debug|Any CPU.Build.0 = Debug|Any CPU
		{9AD4E5A9-936F-4A02-B0A5-0C1ABC304220}.Release|Any CPU.ActiveCfg = Release|Any CPU
		{9AD4E5A9-936F-4A02-B0A5-0C1ABC304220}.Release|Any CPU.Build.0 = Release|Any CPU
		{3F6B13F9-628F-4985-98DE-C00D9D42C8F0}.Debug|Any CPU.ActiveCfg = Debug|Any CPU
		{3F6B13F9-628F-4985-98DE-C00D9D42C8F0}.Debug|Any CPU.Build.0 = Debug|Any CPU
		{3F6B13F9-628F-4985-98DE-C00D9D42C8F0}.Release|Any CPU.ActiveCfg = Release|Any CPU
		{3F6B13F9-628F-4985-98DE-C00D9D42C8F0}.Release|Any CPU.Build.0 = Release|Any CPU
		{DC72FFF9-D1BB-4B93-9AF2-B4E0F07C13D5}.Debug|Any CPU.ActiveCfg = Debug|Any CPU
		{DC72FFF9-D1BB-4B93-9AF2-B4E0F07C13D5}.Debug|Any CPU.Build.0 = Debug|Any CPU
		{DC72FFF9-D1BB-4B93-9AF2-B4E0F07C13D5}.Release|Any CPU.ActiveCfg = Release|Any CPU
		{DC72FFF9-D1BB-4B93-9AF2-B4E0F07C13D5}.Release|Any CPU.Build.0 = Release|Any CPU
		{80048187-7879-4E76-902E-92F8C83DFABB}.Debug|Any CPU.ActiveCfg = Debug|Any CPU
		{80048187-7879-4E76-902E-92F8C83DFABB}.Debug|Any CPU.Build.0 = Debug|Any CPU
		{80048187-7879-4E76-902E-92F8C83DFABB}.Release|Any CPU.ActiveCfg = Release|Any CPU
		{80048187-7879-4E76-902E-92F8C83DFABB}.Release|Any CPU.Build.0 = Release|Any CPU
		{70C1BA4E-ABE4-4EAB-B2E6-BE2BA41BA0E0}.Debug|Any CPU.ActiveCfg = Debug|Any CPU
		{70C1BA4E-ABE4-4EAB-B2E6-BE2BA41BA0E0}.Debug|Any CPU.Build.0 = Debug|Any CPU
		{70C1BA4E-ABE4-4EAB-B2E6-BE2BA41BA0E0}.Release|Any CPU.ActiveCfg = Release|Any CPU
		{70C1BA4E-ABE4-4EAB-B2E6-BE2BA41BA0E0}.Release|Any CPU.Build.0 = Release|Any CPU
		{A9CF08DB-8C2E-4D4B-8207-BD97B130D004}.Debug|Any CPU.ActiveCfg = Debug|Any CPU
		{A9CF08DB-8C2E-4D4B-8207-BD97B130D004}.Debug|Any CPU.Build.0 = Debug|Any CPU
		{A9CF08DB-8C2E-4D4B-8207-BD97B130D004}.Release|Any CPU.ActiveCfg = Release|Any CPU
		{A9CF08DB-8C2E-4D4B-8207-BD97B130D004}.Release|Any CPU.Build.0 = Release|Any CPU
		{B80D2E12-9F2F-4601-91BF-5C5517EBD3E8}.Debug|Any CPU.ActiveCfg = Debug|Any CPU
		{B80D2E12-9F2F-4601-91BF-5C5517EBD3E8}.Debug|Any CPU.Build.0 = Debug|Any CPU
		{B80D2E12-9F2F-4601-91BF-5C5517EBD3E8}.Release|Any CPU.ActiveCfg = Release|Any CPU
		{B80D2E12-9F2F-4601-91BF-5C5517EBD3E8}.Release|Any CPU.Build.0 = Release|Any CPU
		{AA6217BF-930D-44BD-8014-3E26FA3C1BD2}.Debug|Any CPU.ActiveCfg = Debug|Any CPU
		{AA6217BF-930D-44BD-8014-3E26FA3C1BD2}.Debug|Any CPU.Build.0 = Debug|Any CPU
		{AA6217BF-930D-44BD-8014-3E26FA3C1BD2}.Release|Any CPU.ActiveCfg = Release|Any CPU
		{AA6217BF-930D-44BD-8014-3E26FA3C1BD2}.Release|Any CPU.Build.0 = Release|Any CPU
		{F4326C37-B9EB-4386-B368-30E691D9312A}.Debug|Any CPU.ActiveCfg = Debug|Any CPU
		{F4326C37-B9EB-4386-B368-30E691D9312A}.Debug|Any CPU.Build.0 = Debug|Any CPU
		{F4326C37-B9EB-4386-B368-30E691D9312A}.Release|Any CPU.ActiveCfg = Release|Any CPU
		{F4326C37-B9EB-4386-B368-30E691D9312A}.Release|Any CPU.Build.0 = Release|Any CPU
	EndGlobalSection
	GlobalSection(SolutionProperties) = preSolution
		HideSolutionNode = FALSE
	EndGlobalSection
	GlobalSection(NestedProjects) = preSolution
		{3F6B13F9-628F-4985-98DE-C00D9D42C8F0} = {B094B473-61E5-4F76-9B4D-71C838A8299E}
		{DC72FFF9-D1BB-4B93-9AF2-B4E0F07C13D5} = {B094B473-61E5-4F76-9B4D-71C838A8299E}
		{80048187-7879-4E76-902E-92F8C83DFABB} = {B094B473-61E5-4F76-9B4D-71C838A8299E}
		{70C1BA4E-ABE4-4EAB-B2E6-BE2BA41BA0E0} = {B094B473-61E5-4F76-9B4D-71C838A8299E}
		{A9CF08DB-8C2E-4D4B-8207-BD97B130D004} = {B094B473-61E5-4F76-9B4D-71C838A8299E}
		{B80D2E12-9F2F-4601-91BF-5C5517EBD3E8} = {7911C9F2-C522-40CB-9010-9F280F97879C}
		{AA6217BF-930D-44BD-8014-3E26FA3C1BD2} = {7911C9F2-C522-40CB-9010-9F280F97879C}
		{F4326C37-B9EB-4386-B368-30E691D9312A} = {7911C9F2-C522-40CB-9010-9F280F97879C}
	EndGlobalSection
	GlobalSection(ExtensibilityGlobals) = postSolution
		SolutionGuid = {02815161-6E91-42E1-AAE3-AEDF49224CC3}
	EndGlobalSection
EndGlobal
